version = 1
revision = 1
requires-python = ">=3.13"

[[package]]
name = "cffi"
version = "1.17.1"
source = { registry = "https://pypi.org/simple" }
dependencies = [
    { name = "pycparser" },
]
sdist = { url = "https://files.pythonhosted.org/packages/fc/97/c783634659c2920c3fc70419e3af40972dbaf758daa229a7d6ea6135c90d/cffi-1.17.1.tar.gz", hash = "sha256:1c39c6016c32bc48dd54561950ebd6836e1670f2ae46128f67cf49e789c52824", size = 516621 }
wheels = [
    { url = "https://files.pythonhosted.org/packages/8d/f8/dd6c246b148639254dad4d6803eb6a54e8c85c6e11ec9df2cffa87571dbe/cffi-1.17.1-cp313-cp313-macosx_10_13_x86_64.whl", hash = "sha256:f3a2b4222ce6b60e2e8b337bb9596923045681d71e5a082783484d845390938e", size = 182989 },
    { url = "https://files.pythonhosted.org/packages/8b/f1/672d303ddf17c24fc83afd712316fda78dc6fce1cd53011b839483e1ecc8/cffi-1.17.1-cp313-cp313-macosx_11_0_arm64.whl", hash = "sha256:0984a4925a435b1da406122d4d7968dd861c1385afe3b45ba82b750f229811e2", size = 178802 },
    { url = "https://files.pythonhosted.org/packages/0e/2d/eab2e858a91fdff70533cab61dcff4a1f55ec60425832ddfdc9cd36bc8af/cffi-1.17.1-cp313-cp313-manylinux_2_12_i686.manylinux2010_i686.manylinux_2_17_i686.manylinux2014_i686.whl", hash = "sha256:d01b12eeeb4427d3110de311e1774046ad344f5b1a7403101878976ecd7a10f3", size = 454792 },
    { url = "https://files.pythonhosted.org/packages/75/b2/fbaec7c4455c604e29388d55599b99ebcc250a60050610fadde58932b7ee/cffi-1.17.1-cp313-cp313-manylinux_2_17_aarch64.manylinux2014_aarch64.whl", hash = "sha256:706510fe141c86a69c8ddc029c7910003a17353970cff3b904ff0686a5927683", size = 478893 },
    { url = "https://files.pythonhosted.org/packages/4f/b7/6e4a2162178bf1935c336d4da8a9352cccab4d3a5d7914065490f08c0690/cffi-1.17.1-cp313-cp313-manylinux_2_17_ppc64le.manylinux2014_ppc64le.whl", hash = "sha256:de55b766c7aa2e2a3092c51e0483d700341182f08e67c63630d5b6f200bb28e5", size = 485810 },
    { url = "https://files.pythonhosted.org/packages/c7/8a/1d0e4a9c26e54746dc08c2c6c037889124d4f59dffd853a659fa545f1b40/cffi-1.17.1-cp313-cp313-manylinux_2_17_s390x.manylinux2014_s390x.whl", hash = "sha256:c59d6e989d07460165cc5ad3c61f9fd8f1b4796eacbd81cee78957842b834af4", size = 471200 },
    { url = "https://files.pythonhosted.org/packages/26/9f/1aab65a6c0db35f43c4d1b4f580e8df53914310afc10ae0397d29d697af4/cffi-1.17.1-cp313-cp313-manylinux_2_17_x86_64.manylinux2014_x86_64.whl", hash = "sha256:dd398dbc6773384a17fe0d3e7eeb8d1a21c2200473ee6806bb5e6a8e62bb73dd", size = 479447 },
    { url = "https://files.pythonhosted.org/packages/5f/e4/fb8b3dd8dc0e98edf1135ff067ae070bb32ef9d509d6cb0f538cd6f7483f/cffi-1.17.1-cp313-cp313-musllinux_1_1_aarch64.whl", hash = "sha256:3edc8d958eb099c634dace3c7e16560ae474aa3803a5df240542b305d14e14ed", size = 484358 },
    { url = "https://files.pythonhosted.org/packages/f1/47/d7145bf2dc04684935d57d67dff9d6d795b2ba2796806bb109864be3a151/cffi-1.17.1-cp313-cp313-musllinux_1_1_x86_64.whl", hash = "sha256:72e72408cad3d5419375fc87d289076ee319835bdfa2caad331e377589aebba9", size = 488469 },
    { url = "https://files.pythonhosted.org/packages/bf/ee/f94057fa6426481d663b88637a9a10e859e492c73d0384514a17d78ee205/cffi-1.17.1-cp313-cp313-win32.whl", hash = "sha256:e03eab0a8677fa80d646b5ddece1cbeaf556c313dcfac435ba11f107ba117b5d", size = 172475 },
    { url = "https://files.pythonhosted.org/packages/7c/fc/6a8cb64e5f0324877d503c854da15d76c1e50eb722e320b15345c4d0c6de/cffi-1.17.1-cp313-cp313-win_amd64.whl", hash = "sha256:f6a16c31041f09ead72d69f583767292f750d24913dadacf5756b966aacb3f1a", size = 182009 },
]

[[package]]
name = "colorama"
version = "0.4.6"
source = { registry = "https://pypi.org/simple" }
sdist = { url = "https://files.pythonhosted.org/packages/d8/53/6f443c9a4a8358a93a6792e2acffb9d9d5cb0a5cfd8802644b7b1c9a02e4/colorama-0.4.6.tar.gz", hash = "sha256:08695f5cb7ed6e0531a20572697297273c47b8cae5a63ffc6d6ed5c201be6e44", size = 27697 }
wheels = [
    { url = "https://files.pythonhosted.org/packages/d1/d6/3965ed04c63042e047cb6a3e6ed1a63a35087b6a609aa3a15ed8ac56c221/colorama-0.4.6-py2.py3-none-any.whl", hash = "sha256:4f1d9991f5acc0ca119f9d443620b77f9d6b33703e51011c16baf57afb285fc6", size = 25335 },
]

[[package]]
name = "iniconfig"
version = "2.1.0"
source = { registry = "https://pypi.org/simple" }
sdist = { url = "https://files.pythonhosted.org/packages/f2/97/ebf4da567aa6827c909642694d71c9fcf53e5b504f2d96afea02718862f3/iniconfig-2.1.0.tar.gz", hash = "sha256:3abbd2e30b36733fee78f9c7f7308f2d0050e88f0087fd25c2645f63c773e1c7", size = 4793 }
wheels = [
    { url = "https://files.pythonhosted.org/packages/2c/e1/e6716421ea10d38022b952c159d5161ca1193197fb744506875fbb87ea7b/iniconfig-2.1.0-py3-none-any.whl", hash = "sha256:9deba5723312380e77435581c6bf4935c94cbfab9b1ed33ef8d238ea168eb760", size = 6050 },
]

[[package]]
name = "loguru"
version = "0.7.3"
source = { registry = "https://pypi.org/simple" }
dependencies = [
    { name = "colorama", marker = "sys_platform == 'win32'" },
    { name = "win32-setctime", marker = "sys_platform == 'win32'" },
]
sdist = { url = "https://files.pythonhosted.org/packages/3a/05/a1dae3dffd1116099471c643b8924f5aa6524411dc6c63fdae648c4f1aca/loguru-0.7.3.tar.gz", hash = "sha256:19480589e77d47b8d85b2c827ad95d49bf31b0dcde16593892eb51dd18706eb6", size = 63559 }
wheels = [
    { url = "https://files.pythonhosted.org/packages/0c/29/0348de65b8cc732daa3e33e67806420b2ae89bdce2b04af740289c5c6c8c/loguru-0.7.3-py3-none-any.whl", hash = "sha256:31a33c10c8e1e10422bfd431aeb5d351c7cf7fa671e3c4df004162264b28220c", size = 61595 },
]

[[package]]
name = "mallet-sync"
version = "0.1.0"
source = { editable = "." }
dependencies = [
    { name = "numpy" },
    { name = "psutil" },
    { name = "pytest" },
    { name = "rapidfuzz" },
    { name = "sounddevice" },
    { name = "soundfile" },
    { name = "standard-logger" },
]

[package.dev-dependencies]
dev = [
    { name = "uv" },
]

[package.metadata]
requires-dist = [
    { name = "numpy", specifier = ">=2.2.5" },
    { name = "psutil", specifier = ">=7.0.0" },
    { name = "pytest", specifier = ">=8.3.5" },
    { name = "rapidfuzz", specifier = ">=3.13.0" },
    { name = "sounddevice", specifier = ">=0.5.1" },
    { name = "soundfile", specifier = ">=0.13.1" },
    { name = "standard-logger", path = "wheels/standard_logger-0.1.1-py3-none-any.whl" },
]

[package.metadata.requires-dev]
dev = [{ name = "uv", specifier = ">=0.6.14" }]

[[package]]
name = "markdown-it-py"
version = "3.0.0"
source = { registry = "https://pypi.org/simple" }
dependencies = [
    { name = "mdurl" },
]
sdist = { url = "https://files.pythonhosted.org/packages/38/71/3b932df36c1a044d397a1f92d1cf91ee0a503d91e470cbd670aa66b07ed0/markdown-it-py-3.0.0.tar.gz", hash = "sha256:e3f60a94fa066dc52ec76661e37c851cb232d92f9886b15cb560aaada2df8feb", size = 74596 }
wheels = [
    { url = "https://files.pythonhosted.org/packages/42/d7/1ec15b46af6af88f19b8e5ffea08fa375d433c998b8a7639e76935c14f1f/markdown_it_py-3.0.0-py3-none-any.whl", hash = "sha256:355216845c60bd96232cd8d8c40e8f9765cc86f46880e43a8fd22dc1a1a8cab1", size = 87528 },
]

[[package]]
name = "mdurl"
version = "0.1.2"
source = { registry = "https://pypi.org/simple" }
sdist = { url = "https://files.pythonhosted.org/packages/d6/54/cfe61301667036ec958cb99bd3efefba235e65cdeb9c84d24a8293ba1d90/mdurl-0.1.2.tar.gz", hash = "sha256:bb413d29f5eea38f31dd4754dd7377d4465116fb207585f97bf925588687c1ba", size = 8729 }
wheels = [
    { url = "https://files.pythonhosted.org/packages/b3/38/89ba8ad64ae25be8de66a6d463314cf1eb366222074cfda9ee839c56a4b4/mdurl-0.1.2-py3-none-any.whl", hash = "sha256:84008a41e51615a49fc9966191ff91509e3c40b939176e643fd50a5c2196b8f8", size = 9979 },
]

[[package]]
name = "numpy"
version = "2.2.5"
source = { registry = "https://pypi.org/simple" }
sdist = { url = "https://files.pythonhosted.org/packages/dc/b2/ce4b867d8cd9c0ee84938ae1e6a6f7926ebf928c9090d036fc3c6a04f946/numpy-2.2.5.tar.gz", hash = "sha256:a9c0d994680cd991b1cb772e8b297340085466a6fe964bc9d4e80f5e2f43c291", size = 20273920 }
wheels = [
    { url = "https://files.pythonhosted.org/packages/e2/a0/0aa7f0f4509a2e07bd7a509042967c2fab635690d4f48c6c7b3afd4f448c/numpy-2.2.5-cp313-cp313-macosx_10_13_x86_64.whl", hash = "sha256:059b51b658f4414fff78c6d7b1b4e18283ab5fa56d270ff212d5ba0c561846f4", size = 20935102 },
    { url = "https://files.pythonhosted.org/packages/7e/e4/a6a9f4537542912ec513185396fce52cdd45bdcf3e9d921ab02a93ca5aa9/numpy-2.2.5-cp313-cp313-macosx_11_0_arm64.whl", hash = "sha256:47f9ed103af0bc63182609044b0490747e03bd20a67e391192dde119bf43d52f", size = 14191709 },
    { url = "https://files.pythonhosted.org/packages/be/65/72f3186b6050bbfe9c43cb81f9df59ae63603491d36179cf7a7c8d216758/numpy-2.2.5-cp313-cp313-macosx_14_0_arm64.whl", hash = "sha256:261a1ef047751bb02f29dfe337230b5882b54521ca121fc7f62668133cb119c9", size = 5149173 },
    { url = "https://files.pythonhosted.org/packages/e5/e9/83e7a9432378dde5802651307ae5e9ea07bb72b416728202218cd4da2801/numpy-2.2.5-cp313-cp313-macosx_14_0_x86_64.whl", hash = "sha256:4520caa3807c1ceb005d125a75e715567806fed67e315cea619d5ec6e75a4191", size = 6684502 },
    { url = "https://files.pythonhosted.org/packages/ea/27/b80da6c762394c8ee516b74c1f686fcd16c8f23b14de57ba0cad7349d1d2/numpy-2.2.5-cp313-cp313-manylinux_2_17_aarch64.manylinux2014_aarch64.whl", hash = "sha256:3d14b17b9be5f9c9301f43d2e2a4886a33b53f4e6fdf9ca2f4cc60aeeee76372", size = 14084417 },
    { url = "https://files.pythonhosted.org/packages/aa/fc/ebfd32c3e124e6a1043e19c0ab0769818aa69050ce5589b63d05ff185526/numpy-2.2.5-cp313-cp313-manylinux_2_17_x86_64.manylinux2014_x86_64.whl", hash = "sha256:2ba321813a00e508d5421104464510cc962a6f791aa2fca1c97b1e65027da80d", size = 16133807 },
    { url = "https://files.pythonhosted.org/packages/bf/9b/4cc171a0acbe4666f7775cfd21d4eb6bb1d36d3a0431f48a73e9212d2278/numpy-2.2.5-cp313-cp313-musllinux_1_2_aarch64.whl", hash = "sha256:a4cbdef3ddf777423060c6f81b5694bad2dc9675f110c4b2a60dc0181543fac7", size = 15575611 },
    { url = "https://files.pythonhosted.org/packages/a3/45/40f4135341850df48f8edcf949cf47b523c404b712774f8855a64c96ef29/numpy-2.2.5-cp313-cp313-musllinux_1_2_x86_64.whl", hash = "sha256:54088a5a147ab71a8e7fdfd8c3601972751ded0739c6b696ad9cb0343e21ab73", size = 17895747 },
    { url = "https://files.pythonhosted.org/packages/f8/4c/b32a17a46f0ffbde8cc82df6d3daeaf4f552e346df143e1b188a701a8f09/numpy-2.2.5-cp313-cp313-win32.whl", hash = "sha256:c8b82a55ef86a2d8e81b63da85e55f5537d2157165be1cb2ce7cfa57b6aef38b", size = 6309594 },
    { url = "https://files.pythonhosted.org/packages/13/ae/72e6276feb9ef06787365b05915bfdb057d01fceb4a43cb80978e518d79b/numpy-2.2.5-cp313-cp313-win_amd64.whl", hash = "sha256:d8882a829fd779f0f43998e931c466802a77ca1ee0fe25a3abe50278616b1471", size = 12638356 },
    { url = "https://files.pythonhosted.org/packages/79/56/be8b85a9f2adb688e7ded6324e20149a03541d2b3297c3ffc1a73f46dedb/numpy-2.2.5-cp313-cp313t-macosx_10_13_x86_64.whl", hash = "sha256:e8b025c351b9f0e8b5436cf28a07fa4ac0204d67b38f01433ac7f9b870fa38c6", size = 20963778 },
    { url = "https://files.pythonhosted.org/packages/ff/77/19c5e62d55bff507a18c3cdff82e94fe174957bad25860a991cac719d3ab/numpy-2.2.5-cp313-cp313t-macosx_11_0_arm64.whl", hash = "sha256:8dfa94b6a4374e7851bbb6f35e6ded2120b752b063e6acdd3157e4d2bb922eba", size = 14207279 },
    { url = "https://files.pythonhosted.org/packages/75/22/aa11f22dc11ff4ffe4e849d9b63bbe8d4ac6d5fae85ddaa67dfe43be3e76/numpy-2.2.5-cp313-cp313t-macosx_14_0_arm64.whl", hash = "sha256:97c8425d4e26437e65e1d189d22dff4a079b747ff9c2788057bfb8114ce1e133", size = 5199247 },
    { url = "https://files.pythonhosted.org/packages/4f/6c/12d5e760fc62c08eded0394f62039f5a9857f758312bf01632a81d841459/numpy-2.2.5-cp313-cp313t-macosx_14_0_x86_64.whl", hash = "sha256:352d330048c055ea6db701130abc48a21bec690a8d38f8284e00fab256dc1376", size = 6711087 },
    { url = "https://files.pythonhosted.org/packages/ef/94/ece8280cf4218b2bee5cec9567629e61e51b4be501e5c6840ceb593db945/numpy-2.2.5-cp313-cp313t-manylinux_2_17_aarch64.manylinux2014_aarch64.whl", hash = "sha256:8b4c0773b6ada798f51f0f8e30c054d32304ccc6e9c5d93d46cb26f3d385ab19", size = 14059964 },
    { url = "https://files.pythonhosted.org/packages/39/41/c5377dac0514aaeec69115830a39d905b1882819c8e65d97fc60e177e19e/numpy-2.2.5-cp313-cp313t-manylinux_2_17_x86_64.manylinux2014_x86_64.whl", hash = "sha256:55f09e00d4dccd76b179c0f18a44f041e5332fd0e022886ba1c0bbf3ea4a18d0", size = 16121214 },
    { url = "https://files.pythonhosted.org/packages/db/54/3b9f89a943257bc8e187145c6bc0eb8e3d615655f7b14e9b490b053e8149/numpy-2.2.5-cp313-cp313t-musllinux_1_2_aarch64.whl", hash = "sha256:02f226baeefa68f7d579e213d0f3493496397d8f1cff5e2b222af274c86a552a", size = 15575788 },
    { url = "https://files.pythonhosted.org/packages/b1/c4/2e407e85df35b29f79945751b8f8e671057a13a376497d7fb2151ba0d290/numpy-2.2.5-cp313-cp313t-musllinux_1_2_x86_64.whl", hash = "sha256:c26843fd58f65da9491165072da2cccc372530681de481ef670dcc8e27cfb066", size = 17893672 },
    { url = "https://files.pythonhosted.org/packages/29/7e/d0b44e129d038dba453f00d0e29ebd6eaf2f06055d72b95b9947998aca14/numpy-2.2.5-cp313-cp313t-win32.whl", hash = "sha256:1a161c2c79ab30fe4501d5a2bbfe8b162490757cf90b7f05be8b80bc02f7bb8e", size = 6377102 },
    { url = "https://files.pythonhosted.org/packages/63/be/b85e4aa4bf42c6502851b971f1c326d583fcc68227385f92089cf50a7b45/numpy-2.2.5-cp313-cp313t-win_amd64.whl", hash = "sha256:d403c84991b5ad291d3809bace5e85f4bbf44a04bdc9a88ed2bb1807b3360bb8", size = 12750096 },
]

[[package]]
name = "packaging"
version = "25.0"
source = { registry = "https://pypi.org/simple" }
sdist = { url = "https://files.pythonhosted.org/packages/a1/d4/1fc4078c65507b51b96ca8f8c3ba19e6a61c8253c72794544580a7b6c24d/packaging-25.0.tar.gz", hash = "sha256:d443872c98d677bf60f6a1f2f8c1cb748e8fe762d2bf9d3148b5599295b0fc4f", size = 165727 }
wheels = [
    { url = "https://files.pythonhosted.org/packages/20/12/38679034af332785aac8774540895e234f4d07f7545804097de4b666afd8/packaging-25.0-py3-none-any.whl", hash = "sha256:29572ef2b1f17581046b3a2227d5c611fb25ec70ca1ba8554b24b0e69331a484", size = 66469 },
]

[[package]]
name = "platformdirs"
version = "4.3.7"
source = { registry = "https://pypi.org/simple" }
sdist = { url = "https://files.pythonhosted.org/packages/b6/2d/7d512a3913d60623e7eb945c6d1b4f0bddf1d0b7ada5225274c87e5b53d1/platformdirs-4.3.7.tar.gz", hash = "sha256:eb437d586b6a0986388f0d6f74aa0cde27b48d0e3d66843640bfb6bdcdb6e351", size = 21291 }
wheels = [
    { url = "https://files.pythonhosted.org/packages/6d/45/59578566b3275b8fd9157885918fcd0c4d74162928a5310926887b856a51/platformdirs-4.3.7-py3-none-any.whl", hash = "sha256:a03875334331946f13c549dbd8f4bac7a13a50a895a0eb1e8c6a8ace80d40a94", size = 18499 },
]

[[package]]
name = "pluggy"
version = "1.5.0"
source = { registry = "https://pypi.org/simple" }
sdist = { url = "https://files.pythonhosted.org/packages/96/2d/02d4312c973c6050a18b314a5ad0b3210edb65a906f868e31c111dede4a6/pluggy-1.5.0.tar.gz", hash = "sha256:2cffa88e94fdc978c4c574f15f9e59b7f4201d439195c3715ca9e2486f1d0cf1", size = 67955 }
wheels = [
    { url = "https://files.pythonhosted.org/packages/88/5f/e351af9a41f866ac3f1fac4ca0613908d9a41741cfcf2228f4ad853b697d/pluggy-1.5.0-py3-none-any.whl", hash = "sha256:44e1ad92c8ca002de6377e165f3e0f1be63266ab4d554740532335b9d75ea669", size = 20556 },
]

[[package]]
name = "psutil"
version = "7.0.0"
source = { registry = "https://pypi.org/simple" }
sdist = { url = "https://files.pythonhosted.org/packages/2a/80/336820c1ad9286a4ded7e845b2eccfcb27851ab8ac6abece774a6ff4d3de/psutil-7.0.0.tar.gz", hash = "sha256:7be9c3eba38beccb6495ea33afd982a44074b78f28c434a1f51cc07fd315c456", size = 497003 }
wheels = [
    { url = "https://files.pythonhosted.org/packages/ed/e6/2d26234410f8b8abdbf891c9da62bee396583f713fb9f3325a4760875d22/psutil-7.0.0-cp36-abi3-macosx_10_9_x86_64.whl", hash = "sha256:101d71dc322e3cffd7cea0650b09b3d08b8e7c4109dd6809fe452dfd00e58b25", size = 238051 },
    { url = "https://files.pythonhosted.org/packages/04/8b/30f930733afe425e3cbfc0e1468a30a18942350c1a8816acfade80c005c4/psutil-7.0.0-cp36-abi3-macosx_11_0_arm64.whl", hash = "sha256:39db632f6bb862eeccf56660871433e111b6ea58f2caea825571951d4b6aa3da", size = 239535 },
    { url = "https://files.pythonhosted.org/packages/2a/ed/d362e84620dd22876b55389248e522338ed1bf134a5edd3b8231d7207f6d/psutil-7.0.0-cp36-abi3-manylinux_2_12_i686.manylinux2010_i686.manylinux_2_17_i686.manylinux2014_i686.whl", hash = "sha256:1fcee592b4c6f146991ca55919ea3d1f8926497a713ed7faaf8225e174581e91", size = 275004 },
    { url = "https://files.pythonhosted.org/packages/bf/b9/b0eb3f3cbcb734d930fdf839431606844a825b23eaf9a6ab371edac8162c/psutil-7.0.0-cp36-abi3-manylinux_2_12_x86_64.manylinux2010_x86_64.manylinux_2_17_x86_64.manylinux2014_x86_64.whl", hash = "sha256:4b1388a4f6875d7e2aff5c4ca1cc16c545ed41dd8bb596cefea80111db353a34", size = 277986 },
    { url = "https://files.pythonhosted.org/packages/eb/a2/709e0fe2f093556c17fbafda93ac032257242cabcc7ff3369e2cb76a97aa/psutil-7.0.0-cp36-abi3-manylinux_2_17_aarch64.manylinux2014_aarch64.whl", hash = "sha256:a5f098451abc2828f7dc6b58d44b532b22f2088f4999a937557b603ce72b1993", size = 279544 },
    { url = "https://files.pythonhosted.org/packages/50/e6/eecf58810b9d12e6427369784efe814a1eec0f492084ce8eb8f4d89d6d61/psutil-7.0.0-cp37-abi3-win32.whl", hash = "sha256:ba3fcef7523064a6c9da440fc4d6bd07da93ac726b5733c29027d7dc95b39d99", size = 241053 },
    { url = "https://files.pythonhosted.org/packages/50/1b/6921afe68c74868b4c9fa424dad3be35b095e16687989ebbb50ce4fceb7c/psutil-7.0.0-cp37-abi3-win_amd64.whl", hash = "sha256:4cf3d4eb1aa9b348dec30105c55cd9b7d4629285735a102beb4441e38db90553", size = 244885 },
]

[[package]]
name = "pycparser"
version = "2.22"
source = { registry = "https://pypi.org/simple" }
sdist = { url = "https://files.pythonhosted.org/packages/1d/b2/31537cf4b1ca988837256c910a668b553fceb8f069bedc4b1c826024b52c/pycparser-2.22.tar.gz", hash = "sha256:491c8be9c040f5390f5bf44a5b07752bd07f56edf992381b05c701439eec10f6", size = 172736 }
wheels = [
    { url = "https://files.pythonhosted.org/packages/13/a3/a812df4e2dd5696d1f351d58b8fe16a405b234ad2886a0dab9183fb78109/pycparser-2.22-py3-none-any.whl", hash = "sha256:c3702b6d3dd8c7abc1afa565d7e63d53a1d0bd86cdc24edd75470f4de499cfcc", size = 117552 },
]

[[package]]
name = "pygments"
version = "2.19.1"
source = { registry = "https://pypi.org/simple" }
sdist = { url = "https://files.pythonhosted.org/packages/7c/2d/c3338d48ea6cc0feb8446d8e6937e1408088a72a39937982cc6111d17f84/pygments-2.19.1.tar.gz", hash = "sha256:61c16d2a8576dc0649d9f39e089b5f02bcd27fba10d8fb4dcc28173f7a45151f", size = 4968581 }
wheels = [
    { url = "https://files.pythonhosted.org/packages/8a/0b/9fcc47d19c48b59121088dd6da2488a49d5f72dacf8262e2790a1d2c7d15/pygments-2.19.1-py3-none-any.whl", hash = "sha256:9ea1544ad55cecf4b8242fab6dd35a93bbce657034b0611ee383099054ab6d8c", size = 1225293 },
]

[[package]]
name = "pytest"
version = "8.3.5"
source = { registry = "https://pypi.org/simple" }
dependencies = [
    { name = "colorama", marker = "sys_platform == 'win32'" },
    { name = "iniconfig" },
    { name = "packaging" },
    { name = "pluggy" },
]
sdist = { url = "https://files.pythonhosted.org/packages/ae/3c/c9d525a414d506893f0cd8a8d0de7706446213181570cdbd766691164e40/pytest-8.3.5.tar.gz", hash = "sha256:f4efe70cc14e511565ac476b57c279e12a855b11f48f212af1080ef2263d3845", size = 1450891 }
wheels = [
    { url = "https://files.pythonhosted.org/packages/30/3d/64ad57c803f1fa1e963a7946b6e0fea4a70df53c1a7fed304586539c2bac/pytest-8.3.5-py3-none-any.whl", hash = "sha256:c69214aa47deac29fad6c2a4f590b9c4a9fdb16a403176fe154b79c0b4d4d820", size = 343634 },
]

[[package]]
name = "rapidfuzz"
version = "3.13.0"
source = { registry = "https://pypi.org/simple" }
sdist = { url = "https://files.pythonhosted.org/packages/ed/f6/6895abc3a3d056b9698da3199b04c0e56226d530ae44a470edabf8b664f0/rapidfuzz-3.13.0.tar.gz", hash = "sha256:d2eaf3839e52cbcc0accbe9817a67b4b0fcf70aaeb229cfddc1c28061f9ce5d8", size = 57904226 }
wheels = [
    { url = "https://files.pythonhosted.org/packages/0a/76/606e71e4227790750f1646f3c5c873e18d6cfeb6f9a77b2b8c4dec8f0f66/rapidfuzz-3.13.0-cp313-cp313-macosx_10_13_x86_64.whl", hash = "sha256:09e908064d3684c541d312bd4c7b05acb99a2c764f6231bd507d4b4b65226c23", size = 1982282 },
    { url = "https://files.pythonhosted.org/packages/0a/f5/d0b48c6b902607a59fd5932a54e3518dae8223814db8349b0176e6e9444b/rapidfuzz-3.13.0-cp313-cp313-macosx_11_0_arm64.whl", hash = "sha256:57c390336cb50d5d3bfb0cfe1467478a15733703af61f6dffb14b1cd312a6fae", size = 1439274 },
    { url = "https://files.pythonhosted.org/packages/59/cf/c3ac8c80d8ced6c1f99b5d9674d397ce5d0e9d0939d788d67c010e19c65f/rapidfuzz-3.13.0-cp313-cp313-manylinux_2_17_aarch64.manylinux2014_aarch64.whl", hash = "sha256:0da54aa8547b3c2c188db3d1c7eb4d1bb6dd80baa8cdaeaec3d1da3346ec9caa", size = 1399854 },
    { url = "https://files.pythonhosted.org/packages/09/5d/ca8698e452b349c8313faf07bfa84e7d1c2d2edf7ccc67bcfc49bee1259a/rapidfuzz-3.13.0-cp313-cp313-manylinux_2_17_i686.manylinux2014_i686.whl", hash = "sha256:df8e8c21e67afb9d7fbe18f42c6111fe155e801ab103c81109a61312927cc611", size = 5308962 },
    { url = "https://files.pythonhosted.org/packages/66/0a/bebada332854e78e68f3d6c05226b23faca79d71362509dbcf7b002e33b7/rapidfuzz-3.13.0-cp313-cp313-manylinux_2_17_ppc64le.manylinux2014_ppc64le.whl", hash = "sha256:461fd13250a2adf8e90ca9a0e1e166515cbcaa5e9c3b1f37545cbbeff9e77f6b", size = 1625016 },
    { url = "https://files.pythonhosted.org/packages/de/0c/9e58d4887b86d7121d1c519f7050d1be5eb189d8a8075f5417df6492b4f5/rapidfuzz-3.13.0-cp313-cp313-manylinux_2_17_s390x.manylinux2014_s390x.whl", hash = "sha256:c2b3dd5d206a12deca16870acc0d6e5036abeb70e3cad6549c294eff15591527", size = 1600414 },
    { url = "https://files.pythonhosted.org/packages/9b/df/6096bc669c1311568840bdcbb5a893edc972d1c8d2b4b4325c21d54da5b1/rapidfuzz-3.13.0-cp313-cp313-manylinux_2_17_x86_64.manylinux2014_x86_64.whl", hash = "sha256:1343d745fbf4688e412d8f398c6e6d6f269db99a54456873f232ba2e7aeb4939", size = 3053179 },
    { url = "https://files.pythonhosted.org/packages/f9/46/5179c583b75fce3e65a5cd79a3561bd19abd54518cb7c483a89b284bf2b9/rapidfuzz-3.13.0-cp313-cp313-musllinux_1_2_aarch64.whl", hash = "sha256:b1b065f370d54551dcc785c6f9eeb5bd517ae14c983d2784c064b3aa525896df", size = 2456856 },
    { url = "https://files.pythonhosted.org/packages/6b/64/e9804212e3286d027ac35bbb66603c9456c2bce23f823b67d2f5cabc05c1/rapidfuzz-3.13.0-cp313-cp313-musllinux_1_2_i686.whl", hash = "sha256:11b125d8edd67e767b2295eac6eb9afe0b1cdc82ea3d4b9257da4b8e06077798", size = 7567107 },
    { url = "https://files.pythonhosted.org/packages/8a/f2/7d69e7bf4daec62769b11757ffc31f69afb3ce248947aadbb109fefd9f65/rapidfuzz-3.13.0-cp313-cp313-musllinux_1_2_ppc64le.whl", hash = "sha256:c33f9c841630b2bb7e69a3fb5c84a854075bb812c47620978bddc591f764da3d", size = 2854192 },
    { url = "https://files.pythonhosted.org/packages/05/21/ab4ad7d7d0f653e6fe2e4ccf11d0245092bef94cdff587a21e534e57bda8/rapidfuzz-3.13.0-cp313-cp313-musllinux_1_2_s390x.whl", hash = "sha256:ae4574cb66cf1e85d32bb7e9ec45af5409c5b3970b7ceb8dea90168024127566", size = 3398876 },
    { url = "https://files.pythonhosted.org/packages/0f/a8/45bba94c2489cb1ee0130dcb46e1df4fa2c2b25269e21ffd15240a80322b/rapidfuzz-3.13.0-cp313-cp313-musllinux_1_2_x86_64.whl", hash = "sha256:e05752418b24bbd411841b256344c26f57da1148c5509e34ea39c7eb5099ab72", size = 4377077 },
    { url = "https://files.pythonhosted.org/packages/0c/f3/5e0c6ae452cbb74e5436d3445467447e8c32f3021f48f93f15934b8cffc2/rapidfuzz-3.13.0-cp313-cp313-win32.whl", hash = "sha256:0e1d08cb884805a543f2de1f6744069495ef527e279e05370dd7c83416af83f8", size = 1822066 },
    { url = "https://files.pythonhosted.org/packages/96/e3/a98c25c4f74051df4dcf2f393176b8663bfd93c7afc6692c84e96de147a2/rapidfuzz-3.13.0-cp313-cp313-win_amd64.whl", hash = "sha256:9a7c6232be5f809cd39da30ee5d24e6cadd919831e6020ec6c2391f4c3bc9264", size = 1615100 },
    { url = "https://files.pythonhosted.org/packages/60/b1/05cd5e697c00cd46d7791915f571b38c8531f714832eff2c5e34537c49ee/rapidfuzz-3.13.0-cp313-cp313-win_arm64.whl", hash = "sha256:3f32f15bacd1838c929b35c84b43618481e1b3d7a61b5ed2db0291b70ae88b53", size = 858976 },
]

[[package]]
name = "rich"
version = "14.0.0"
source = { registry = "https://pypi.org/simple" }
dependencies = [
    { name = "markdown-it-py" },
    { name = "pygments" },
]
sdist = { url = "https://files.pythonhosted.org/packages/a1/53/830aa4c3066a8ab0ae9a9955976fb770fe9c6102117c8ec4ab3ea62d89e8/rich-14.0.0.tar.gz", hash = "sha256:82f1bc23a6a21ebca4ae0c45af9bdbc492ed20231dcb63f297d6d1021a9d5725", size = 224078 }
wheels = [
    { url = "https://files.pythonhosted.org/packages/0d/9b/63f4c7ebc259242c89b3acafdb37b41d1185c07ff0011164674e9076b491/rich-14.0.0-py3-none-any.whl", hash = "sha256:1c9491e1951aac09caffd42f448ee3d04e58923ffe14993f6e83068dc395d7e0", size = 243229 },
]

[[package]]
name = "sounddevice"
version = "0.5.1"
source = { registry = "https://pypi.org/simple" }
dependencies = [
    { name = "cffi" },
]
sdist = { url = "https://files.pythonhosted.org/packages/80/2d/b04ae180312b81dbb694504bee170eada5372242e186f6298139fd3a0513/sounddevice-0.5.1.tar.gz", hash = "sha256:09ca991daeda8ce4be9ac91e15a9a81c8f81efa6b695a348c9171ea0c16cb041", size = 52896 }
wheels = [
    { url = "https://files.pythonhosted.org/packages/06/d1/464b5fca3decdd0cfec8c47f7b4161a0b12972453201c1bf03811f367c5e/sounddevice-0.5.1-py3-none-any.whl", hash = "sha256:e2017f182888c3f3c280d9fbac92e5dbddac024a7e3442f6e6116bd79dab8a9c", size = 32276 },
    { url = "https://files.pythonhosted.org/packages/6f/f6/6703fe7cf3d7b7279040c792aeec6334e7305956aba4a80f23e62c8fdc44/sounddevice-0.5.1-py3-none-macosx_10_6_x86_64.macosx_10_6_universal2.whl", hash = "sha256:d16cb23d92322526a86a9490c427bf8d49e273d9ccc0bd096feecd229cde6031", size = 107916 },
    { url = "https://files.pythonhosted.org/packages/57/a5/78a5e71f5ec0faedc54f4053775d61407bfbd7d0c18228c7f3d4252fd276/sounddevice-0.5.1-py3-none-win32.whl", hash = "sha256:d84cc6231526e7a08e89beff229c37f762baefe5e0cc2747cbe8e3a565470055", size = 312494 },
    { url = "https://files.pythonhosted.org/packages/af/9b/15217b04f3b36d30de55fef542389d722de63f1ad81f9c72d8afc98cb6ab/sounddevice-0.5.1-py3-none-win_amd64.whl", hash = "sha256:4313b63f2076552b23ac3e0abd3bcfc0c1c6a696fc356759a13bd113c9df90f1", size = 363634 },
]

[[package]]
name = "soundfile"
version = "0.13.1"
source = { registry = "https://pypi.org/simple" }
dependencies = [
    { name = "cffi" },
    { name = "numpy" },
]
sdist = { url = "https://files.pythonhosted.org/packages/e1/41/9b873a8c055582859b239be17902a85339bec6a30ad162f98c9b0288a2cc/soundfile-0.13.1.tar.gz", hash = "sha256:b2c68dab1e30297317080a5b43df57e302584c49e2942defdde0acccc53f0e5b", size = 46156 }
wheels = [
    { url = "https://files.pythonhosted.org/packages/64/28/e2a36573ccbcf3d57c00626a21fe51989380636e821b341d36ccca0c1c3a/soundfile-0.13.1-py2.py3-none-any.whl", hash = "sha256:a23c717560da2cf4c7b5ae1142514e0fd82d6bbd9dfc93a50423447142f2c445", size = 25751 },
    { url = "https://files.pythonhosted.org/packages/ea/ab/73e97a5b3cc46bba7ff8650a1504348fa1863a6f9d57d7001c6b67c5f20e/soundfile-0.13.1-py2.py3-none-macosx_10_9_x86_64.whl", hash = "sha256:82dc664d19831933fe59adad199bf3945ad06d84bc111a5b4c0d3089a5b9ec33", size = 1142250 },
    { url = "https://files.pythonhosted.org/packages/a0/e5/58fd1a8d7b26fc113af244f966ee3aecf03cb9293cb935daaddc1e455e18/soundfile-0.13.1-py2.py3-none-macosx_11_0_arm64.whl", hash = "sha256:743f12c12c4054921e15736c6be09ac26b3b3d603aef6fd69f9dde68748f2593", size = 1101406 },
    { url = "https://files.pythonhosted.org/packages/58/ae/c0e4a53d77cf6e9a04179535766b3321b0b9ced5f70522e4caf9329f0046/soundfile-0.13.1-py2.py3-none-manylinux_2_28_aarch64.whl", hash = "sha256:9c9e855f5a4d06ce4213f31918653ab7de0c5a8d8107cd2427e44b42df547deb", size = 1235729 },
    { url = "https://files.pythonhosted.org/packages/57/5e/70bdd9579b35003a489fc850b5047beeda26328053ebadc1fb60f320f7db/soundfile-0.13.1-py2.py3-none-manylinux_2_28_x86_64.whl", hash = "sha256:03267c4e493315294834a0870f31dbb3b28a95561b80b134f0bd3cf2d5f0e618", size = 1313646 },
    { url = "https://files.pythonhosted.org/packages/fe/df/8c11dc4dfceda14e3003bb81a0d0edcaaf0796dd7b4f826ea3e532146bba/soundfile-0.13.1-py2.py3-none-win32.whl", hash = "sha256:c734564fab7c5ddf8e9be5bf70bab68042cd17e9c214c06e365e20d64f9a69d5", size = 899881 },
    { url = "https://files.pythonhosted.org/packages/14/e9/6b761de83277f2f02ded7e7ea6f07828ec78e4b229b80e4ca55dd205b9dc/soundfile-0.13.1-py2.py3-none-win_amd64.whl", hash = "sha256:1e70a05a0626524a69e9f0f4dd2ec174b4e9567f4d8b6c11d38b5c289be36ee9", size = 1019162 },
]

[[package]]
name = "standard-logger"
version = "0.1.1"
source = { path = "wheels/standard_logger-0.1.1-py3-none-any.whl" }
dependencies = [
    { name = "loguru" },
    { name = "platformdirs" },
    { name = "rich" },
]
wheels = [
    { filename = "standard_logger-0.1.1-py3-none-any.whl", hash = "sha256:d32dc7686a88f9db65c9fcb47e78c2a4802eafffc445b4da420ebbb103c5d6f5" },
]

[package.metadata]
requires-dist = [
    { name = "loguru", specifier = ">=0.7.3" },
    { name = "platformdirs", specifier = ">=4.3.7" },
    { name = "rich", specifier = ">=14.0.0" },
]

[[package]]
name = "uv"
version = "0.6.14"
source = { registry = "https://pypi.org/simple" }
sdist = { url = "https://files.pythonhosted.org/packages/e5/eb/07bc000a3c05372448b63c45da98630c532ec4e059d848488c3e774d017a/uv-0.6.14.tar.gz", hash = "sha256:a117466f307d164a74444949cc94ec4328ec880fb489cbaa7df324dab14c5c98", size = 3134567 }
wheels = [
    { url = "https://files.pythonhosted.org/packages/6b/bf/3e87dec7728b249458967f39a301376cb776e559c90261c1dac963686dc3/uv-0.6.14-py3-none-linux_armv6l.whl", hash = "sha256:c775e5d7a80ff43cb88856bbdcd838918d5ac3dc362414317e6bbaeb615fff98", size = 16228143 },
    { url = "https://files.pythonhosted.org/packages/24/b2/111e1ea40453d93c849f36a67397b51d9b458e6e598c3629ffe76d11b490/uv-0.6.14-py3-none-macosx_10_12_x86_64.whl", hash = "sha256:2578f6f8cdbcc036ffad1043f9f66ade3ac0babf29def6abd9eefd4a7c6621cb", size = 16273279 },
    { url = "https://files.pythonhosted.org/packages/72/89/e7fc8a047f08234cc26d1e37e5f573887744205d087f8e8e6f3d0feb04ce/uv-0.6.14-py3-none-macosx_11_0_arm64.whl", hash = "sha256:9fc8fe58871b4fe02a863b05b8b1b25ef1b6c60d4d224e85338f5c2be0ab4f0e", size = 15115451 },
    { url = "https://files.pythonhosted.org/packages/20/1e/72ac3d1e0805d3b49b0a4de46483489ea1989827440f42b0cfb444cdc67f/uv-0.6.14-py3-none-manylinux_2_17_aarch64.manylinux2014_aarch64.musllinux_1_1_aarch64.whl", hash = "sha256:2fb2cd7f6aae21b81474b0051d30e7ed939a9a71714948c47f58b0e7acdd2a80", size = 15540456 },
    { url = "https://files.pythonhosted.org/packages/fd/47/5aeb7fb80c673bc28ccf3ab99e376b1cd92eac41af6b9b48c0e38b114c54/uv-0.6.14-py3-none-manylinux_2_17_armv7l.manylinux2014_armv7l.whl", hash = "sha256:d6ca3f99c1a6c1c430ae8f451133fb4e8c3a22f661c257425402a5d9430bb797", size = 15979820 },
    { url = "https://files.pythonhosted.org/packages/1f/44/c3ad856473f2ef5f22c865a73a0a37ee82d11fcca78ae82f5ac895a7023a/uv-0.6.14-py3-none-manylinux_2_17_i686.manylinux2014_i686.whl", hash = "sha256:ed41877b679e0a1af9ab65427d829b87a81b499017e59c70756d4ba02ca43fcb", size = 16650494 },
    { url = "https://files.pythonhosted.org/packages/7a/f6/8a1245530c282d470909db78cf56831693c58b90d9b819e35aa2d85fbbe8/uv-0.6.14-py3-none-manylinux_2_17_ppc64.manylinux2014_ppc64.whl", hash = "sha256:fe9b4361b1c8055301b715fdd94d94eb512053dc4545fec40d3fe3657f655987", size = 17505028 },
    { url = "https://files.pythonhosted.org/packages/a5/70/0806268440651e2ad1b3542af42b800e20bb7e43050a9ca78f3d1eb4c660/uv-0.6.14-py3-none-manylinux_2_17_ppc64le.manylinux2014_ppc64le.whl", hash = "sha256:998b67bb1cebbe044fc2c5cb251c29cffc56f62a6d55719d6f4e960461d6edad", size = 17245854 },
    { url = "https://files.pythonhosted.org/packages/2a/3a/0da9780868626466d8c4977fb02d1b0daa80e6f7504d7b662cae3fb4af3d/uv-0.6.14-py3-none-manylinux_2_17_s390x.manylinux2014_s390x.whl", hash = "sha256:6d433925db6e2ef46047b68962d136ff2ef17a7b5609168615f19e60674232c9", size = 21584756 },
    { url = "https://files.pythonhosted.org/packages/eb/fd/21a82b78173be1a2ea20f4f55154e7252bd80d21ed60b9bbbc0e2047b8d0/uv-0.6.14-py3-none-manylinux_2_17_x86_64.manylinux2014_x86_64.whl", hash = "sha256:36aaeb00a70a10f748e16c7a1fc410862e2ba905806e7e9dfbc3e64596309404", size = 16878847 },
    { url = "https://files.pythonhosted.org/packages/6c/9a/7c84650ae9fb801ecc848d49dcba201243989d9234fe3ec4a4e935ff21c0/uv-0.6.14-py3-none-manylinux_2_28_aarch64.whl", hash = "sha256:11779beb3bd1f92814bc8d8cd350d5228e8f9198cca2f52138b53030a4061d93", size = 15810089 },
    { url = "https://files.pythonhosted.org/packages/0b/b3/efcbd3a2d298801109b24feee655bb80fe4178aa6bf68e49664c48b342b2/uv-0.6.14-py3-none-musllinux_1_1_armv7l.whl", hash = "sha256:bf1ec103cf9a0850f03935dc6a93cacc680fa2c90c3b41cfc10da311afab8f5b", size = 15962056 },
    { url = "https://files.pythonhosted.org/packages/3f/53/c92c894cb34e9578c2e6dc195bcd4eb0a140dd57c96a60207d847521a902/uv-0.6.14-py3-none-musllinux_1_1_i686.whl", hash = "sha256:955e36c98a438a249e178988d4f13b1bb831eb57264d73c459f171b5afd7b023", size = 16255226 },
    { url = "https://files.pythonhosted.org/packages/df/eb/38bc37856691d53008bf094d03d9e7ab0c2927523a3901c83e152e7c9915/uv-0.6.14-py3-none-musllinux_1_1_x86_64.whl", hash = "sha256:2d534e7dc1299c8b53eb7b4c7575e4f0933673ea8b1275d3f3022f5670e311db", size = 17005225 },
    { url = "https://files.pythonhosted.org/packages/d8/fe/087d5193603e16bc5f67556d94cf8fa8634785c5863cccdec825f14e9a4c/uv-0.6.14-py3-none-win32.whl", hash = "sha256:7cdf3c8d927b07d4eaffc44809eb57523d449705f10dabbdd6f34f7bdfc7d5fe", size = 16131231 },
    { url = "https://files.pythonhosted.org/packages/40/17/33c5c1503c35c874932d4a21ec10a55051e3695dba12b7de700bcfad0cca/uv-0.6.14-py3-none-win_amd64.whl", hash = "sha256:012f46bef6909209c4a6749e4019eb755ba762d37d7ceaaf76da9cb4b7f771e9", size = 17628508 },
    { url = "https://files.pythonhosted.org/packages/77/09/163062d439ddc0d89e527ae0e631abf1f7781b183442d8823c48af368f5d/uv-0.6.14-py3-none-win_arm64.whl", hash = "sha256:7465081b4d0b213d0055ccb48de7fe546b5cf0853c6d3601115760760634f6d8", size = 16387232 },
]

[[package]]
name = "win32-setctime"
version = "1.2.0"
source = { registry = "https://pypi.org/simple" }
sdist = { url = "https://files.pythonhosted.org/packages/b3/8f/705086c9d734d3b663af0e9bb3d4de6578d08f46b1b101c2442fd9aecaa2/win32_setctime-1.2.0.tar.gz", hash = "sha256:ae1fdf948f5640aae05c511ade119313fb6a30d7eabe25fef9764dca5873c4c0", size = 4867 }
wheels = [
    { url = "https://files.pythonhosted.org/packages/e1/07/c6fe3ad3e685340704d314d765b7912993bcb8dc198f0e7a89382d37974b/win32_setctime-1.2.0-py3-none-any.whl", hash = "sha256:95d644c4e708aba81dc3704a116d8cbc974d70b3bdb8be1d150e36be6e9d1390", size = 4083 },
]
